# THIS IS AN AUTOGENERATED FILE. DO NOT EDIT THIS FILE DIRECTLY.
# yarn lockfile v1


"@types/classnames@^2.2.11":
  "integrity" "sha512-2koNhpWm3DgWRp5tpkiJ8JGc1xTn2q0l+jUNUE7oMKXUf5NpI9AIdC4kbjGNFBdHtcxBD18LAksoudAVhFKCjw=="
  "resolved" "https://registry.npmjs.org/@types/classnames/-/classnames-2.2.11.tgz"
  "version" "2.2.11"

"@types/node@*", "@types/node@^14.14.25":
  "integrity" "sha512-EPpXLOVqDvisVxtlbvzfyqSsFeQxltFbluZNRndIb8tr9KiBnYNLzrc1N3pyKUCww2RNrfHDViqDWWE1LCJQtQ=="
  "resolved" "https://registry.npmjs.org/@types/node/-/node-14.14.25.tgz"
  "version" "14.14.25"

"@types/spotify-api@^0.0.7":
  "integrity" "sha512-X0ESmph2vgcaY++YMDlls9eZG2iApzJePWLF+lPQR+rg4+heq/vsY9klDKeyhYQc2aDNKf1eD9T8e/jGCSsRzQ=="
  "resolved" "https://registry.npmjs.org/@types/spotify-api/-/spotify-api-0.0.7.tgz"
  "version" "0.0.7"

"@vercel/build-utils@2.4.1":
  "integrity" "sha512-DgRvs0u5ZLQyeVztZWEbEtGeq1PsquJ4BfGQ9pu3w3vPuk1Znbxhrha55Kqc8Zo5YTWBEudQh5OlxA7ZYCjqPQ=="
  "resolved" "https://registry.npmjs.org/@vercel/build-utils/-/build-utils-2.4.1.tgz"
  "version" "2.4.1"

"@vercel/go@1.1.3":
  "integrity" "sha512-ydW8jA4wtx781BbaCB/BDuC+NO6aqUVbkqFhltVVFeUjYRxL3Uyh35dWwSbT/d9Kgw3xorLTb3m/gAyFwjoHVw=="
  "resolved" "https://registry.npmjs.org/@vercel/go/-/go-1.1.3.tgz"
  "version" "1.1.3"

"@vercel/next@2.6.11":
  "integrity" "sha512-bUHhQoR72iG0RUwGUEuQZVVDI09+wLL5ADBbRFudQq9xg1kCYBlQ/6l3MyFif2IuZq5b/OPQ++XX0qtUzeLlJQ=="
  "resolved" "https://registry.npmjs.org/@vercel/next/-/next-2.6.11.tgz"
  "version" "2.6.11"

"@vercel/node@^1.9.0":
  "integrity" "sha512-Vk/ZpuY4Cdc8oUwBi/kf8qETRaJb/KYdFddVkLuS10QwA0yJx+RQ11trhZ1KFUdc27aBr5S2k8/dDxK8sLr+IA=="
  "resolved" "https://registry.npmjs.org/@vercel/node/-/node-1.9.0.tgz"
  "version" "1.9.0"
  dependencies:
    "@types/node" "*"
    "ts-node" "8.9.1"
    "typescript" "3.9.3"

"@vercel/node@1.7.2":
  "integrity" "sha512-XV5lrLC+K/cxsaFj8H2OoGu1zliOqnxcrOnPInI8HmQjR/Tztt+0nzgpt+7sx8wXcrib0Nu7lK303jP7VjSETw=="
  "resolved" "https://registry.npmjs.org/@vercel/node/-/node-1.7.2.tgz"
  "version" "1.7.2"
  dependencies:
    "@types/node" "*"
    "ts-node" "8.9.1"
    "typescript" "3.9.3"

"@vercel/python@1.2.2":
  "integrity" "sha512-+rHfbjJaySdac59Oa11a7/nZzpXC98Kqw5tPh8DT1I5OG8YTfgJnwgfBoytZOAZZQBcggoJspnjAd+wGVCoVXw=="
  "resolved" "https://registry.npmjs.org/@vercel/python/-/python-1.2.2.tgz"
  "version" "1.2.2"

"@vercel/ruby@1.2.3":
  "integrity" "sha512-WvtImWLdIo4bB0f2Pgc+P7KdgVVsPSMEVEtk4ZJnKkhU7IsCn/UnlovOsZeP6Qw/Bwqv84KrNm+nNRte648aew=="
  "resolved" "https://registry.npmjs.org/@vercel/ruby/-/ruby-1.2.3.tgz"
  "version" "1.2.3"

"@vercel/static-build@0.17.5":
  "integrity" "sha512-pZpIgm22BbscfH3qJUBgTZf0RNQO/sh2AORsu9aF70QXeU2B2n9wvpz+K8oiTTXjdNdFSidfMUX+PZZc1OPx+Q=="
  "resolved" "https://registry.npmjs.org/@vercel/static-build/-/static-build-0.17.5.tgz"
  "version" "0.17.5"

"arg@^4.1.0":
  "integrity" "sha512-58S9QDqG0Xx27YwPSt9fJxivjYl432YCwfDMfZ+71RAqUrZef7LrKQZ3LHLOwCS4FLNBplP533Zx895SeOCHvA=="
  "resolved" "https://registry.npmjs.org/arg/-/arg-4.1.3.tgz"
  "version" "4.1.3"

"buffer-from@^1.0.0":
  "integrity" "sha512-MQcXEUbCKtEo7bhqEs6560Hyd4XaovZlO/k9V3hjVUF/zwW7KBVdSK4gIt/bzwS9MbR5qob+F5jusZsb0YQK2A=="
  "resolved" "https://registry.npmjs.org/buffer-from/-/buffer-from-1.1.1.tgz"
  "version" "1.1.1"

"classnames@^2.2.6":
  "integrity" "sha512-JR/iSQOSt+LQIWwrwEzJ9uk0xfN3mTVYMwt1Ir5mUcSN6pU+V4zQFFaJsclJbPuAUQH+yfWef6tm7l1quW3C8Q=="
  "resolved" "https://registry.npmjs.org/classnames/-/classnames-2.2.6.tgz"
  "version" "2.2.6"

"diff@^4.0.1":
  "integrity" "sha512-58lmxKSA4BNyLz+HHMUzlOEpg09FV+ev6ZMe3vJihgdxzgcwZ8VoEEPmALCZG9LmqfVoNMMKpttIYTVG6uDY7A=="
  "resolved" "https://registry.npmjs.org/diff/-/diff-4.0.2.tgz"
  "version" "4.0.2"

"isomorphic-unfetch@^3.1.0":
  "integrity" "sha512-geDJjpoZ8N0kWexiwkX8F9NkTsXhetLPVbZFQ+JTW239QNOwvB0gniuR1Wc6f0AMTn7/mFGyXvHTifrCp/GH8Q=="
  "resolved" "https://registry.npmjs.org/isomorphic-unfetch/-/isomorphic-unfetch-3.1.0.tgz"
  "version" "3.1.0"
  dependencies:
    "node-fetch" "^2.6.1"
    "unfetch" "^4.2.0"

"make-error@^1.1.1":
  "integrity" "sha512-s8UhlNe7vPKomQhC1qFelMokr/Sc3AgNbso3n74mVPA5LTZwkB9NlXf4XPamLxJE8h0gh73rM94xvwRT2CVInw=="
  "resolved" "https://registry.npmjs.org/make-error/-/make-error-1.3.6.tgz"
  "version" "1.3.6"

"node-fetch@^2.6.1":
  "integrity" "sha512-ZjMPFEfVx5j+y2yF35Kzx5sF7kDzxuDj6ziH4FFbOp87zKDZNx8yExJIb05OGF4Nlt9IHFIMBkRl41VdvcNdbQ=="
  "resolved" "https://registry.npmjs.org/node-fetch/-/node-fetch-2.6.7.tgz"
  "version" "2.6.7"
  dependencies:
    "whatwg-url" "^5.0.0"

"preact-render-to-string@^5.1.12":
  "integrity" "sha512-nXVCOpvepSk9AfPwqS08rf9NDOCs8eeYYlG+7tE85iP5jVyjz+aYb1BYaP5SPdfVWVrzI9L5NzxozUvKaD96tA=="
  "resolved" "https://registry.npmjs.org/preact-render-to-string/-/preact-render-to-string-5.1.12.tgz"
  "version" "5.1.12"
  dependencies:
    "pretty-format" "^3.8.0"

"preact@^10.5.12", "preact@>=10":
  "integrity" "sha512-r6siDkuD36oszwlCkcqDJCAKBQxGoeEGytw2DGMD5A/GGdu5Tymw+N2OBXwvOLxg6d1FeY8MgMV3cc5aVQo4Cg=="
  "resolved" "https://registry.npmjs.org/preact/-/preact-10.5.12.tgz"
  "version" "10.5.12"

"prettier@^2.2.1":
  "integrity" "sha512-PqyhM2yCjg/oKkFPtTGUojv7gnZAoG80ttl45O6x2Ug/rMJw4wcc9k6aaf2hibP7BGVCCM33gZoGjyvt9mm16Q=="
  "resolved" "https://registry.npmjs.org/prettier/-/prettier-2.2.1.tgz"
  "version" "2.2.1"

"pretty-format@^3.8.0":
  "integrity" "sha1-v77VbV6ad2ZF9LH/eqGjrE+jw4U= sha512-WuxUnVtlWL1OfZFQFuqvnvs6MiAGk9UNsBostyBOB0Is9wb5uRESevA6rnl/rkksXaGX3GzZhPup5d6Vp1nFew=="
  "resolved" "https://registry.npmjs.org/pretty-format/-/pretty-format-3.8.0.tgz"
  "version" "3.8.0"

"source-map-support@^0.5.17":
  "integrity" "sha512-Wonm7zOCIJzBGQdB+thsPar0kYuCIzYvxZwlBa87yi/Mdjv7Tip2cyVbLj5o0cFPN4EVkuTwb3GDDyUx2DGnGw=="
  "resolved" "https://registry.npmjs.org/source-map-support/-/source-map-support-0.5.19.tgz"
  "version" "0.5.19"
  dependencies:
    "buffer-from" "^1.0.0"
    "source-map" "^0.6.0"

"source-map@^0.6.0":
  "integrity" "sha512-UjgapumWlbMhkBgzT7Ykc5YXUT46F0iKu8SGXq0bcwP5dz/h0Plj6enJqjz1Zbq2l5WaqYnrVbwWOWMyF3F47g=="
  "resolved" "https://registry.npmjs.org/source-map/-/source-map-0.6.1.tgz"
  "version" "0.6.1"

"tr46@~0.0.3":
  "integrity" "sha512-N3WMsuqV66lT30CrXNbEjx4GEwlow3v6rr4mCcv6prnfwhS01rkgyFdjPNBYd9br7LpXV1+Emh01fHnq2Gdgrw=="
  "resolved" "https://registry.npmjs.org/tr46/-/tr46-0.0.3.tgz"
  "version" "0.0.3"

"ts-node@8.9.1":
  "integrity" "sha512-yrq6ODsxEFTLz0R3BX2myf0WBCSQh9A+py8PBo1dCzWIOcvisbyH6akNKqDHMgXePF2kir5mm5JXJTH3OUJYOQ=="
  "resolved" "https://registry.npmjs.org/ts-node/-/ts-node-8.9.1.tgz"
  "version" "8.9.1"
  dependencies:
    "arg" "^4.1.0"
    "diff" "^4.0.1"
    "make-error" "^1.1.1"
    "source-map-support" "^0.5.17"
    "yn" "3.1.1"

"typescript@>=2.7", "typescript@3.9.3":
  "integrity" "sha512-D/wqnB2xzNFIcoBG9FG8cXRDjiqSTbG2wd8DMZeQyJlP1vfTkIxH4GKveWaEBYySKIg+USu+E+EDIR47SqnaMQ=="
  "resolved" "https://registry.npmjs.org/typescript/-/typescript-3.9.3.tgz"
  "version" "3.9.3"

"unfetch@^4.2.0":
  "integrity" "sha512-F9p7yYCn6cIW9El1zi0HI6vqpeIvBsr3dSuRO6Xuppb1u5rXpCPmMvLSyECLhybr9isec8Ohl0hPekMVrEinDA=="
  "resolved" "https://registry.npmjs.org/unfetch/-/unfetch-4.2.0.tgz"
  "version" "4.2.0"

"vercel@^19.1.2":
  "integrity" "sha512-eBA6K/V+FX56FIYtv/gT6/UJWmb7YZ14LihRgiLBR7TkXK72HE4z+kPXJUcX1zSCBdd1pkLeZ/VhbLv4WXL9TA=="
  "resolved" "https://registry.npmjs.org/vercel/-/vercel-19.1.2.tgz"
  "version" "19.1.2"
  dependencies:
    "@vercel/build-utils" "2.4.1"
    "@vercel/go" "1.1.3"
    "@vercel/next" "2.6.11"
    "@vercel/node" "1.7.2"
    "@vercel/python" "1.2.2"
    "@vercel/ruby" "1.2.3"
    "@vercel/static-build" "0.17.5"

"webidl-conversions@^3.0.0":
  "integrity" "sha512-2JAn3z8AR6rjK8Sm8orRC0h/bcl/DqL7tRPdGZ4I1CjdF+EaMLmYxBHyXuKL849eucPFhvBoxMsflfOb8kxaeQ=="
  "resolved" "https://registry.npmjs.org/webidl-conversions/-/webidl-conversions-3.0.1.tgz"
  "version" "3.0.1"

"whatwg-url@^5.0.0":
  "integrity" "sha512-saE57nupxk6v3HY35+jzBwYa0rKSy0XR8JSxZPwgLr7ys0IBzhGviA1/TUGJLmSVqs8pb9AnvICXEuOHLprYTw=="
  "resolved" "https://registry.npmjs.org/whatwg-url/-/whatwg-url-5.0.0.tgz"
  "version" "5.0.0"
  dependencies:
    "tr46" "~0.0.3"
    "webidl-conversions" "^3.0.0"

"yn@3.1.1":
  "integrity" "sha512-Ux4ygGWsu2c7isFWe8Yu1YluJmqVhxqK2cLXNQA5AcC3QfbGNpM7fu0Y8b/z16pXLnFxZYvWhd3fhBY9DLmC6Q=="
  "resolved" "https://registry.npmjs.org/yn/-/yn-3.1.1.tgz"
  "version" "3.1.1"
